// !$*UTF8*$!
{
	archiveVersion = 1;
	classes = {
	};
	objectVersion = 50;
	objects = {

/* Begin PBXBuildFile section */
		CB04ADB8267B97D500F9FC97 /* AppDelegate.swift in Sources */ = {isa = PBXBuildFile; fileRef = CB04ADB7267B97D500F9FC97 /* AppDelegate.swift */; };
		CB04ADBA267B97D500F9FC97 /* SceneDelegate.swift in Sources */ = {isa = PBXBuildFile; fileRef = CB04ADB9267B97D500F9FC97 /* SceneDelegate.swift */; };
		CB04ADBC267B97D500F9FC97 /* ViewController.swift in Sources */ = {isa = PBXBuildFile; fileRef = CB04ADBB267B97D500F9FC97 /* ViewController.swift */; };
		CB04ADBF267B97D500F9FC97 /* Main.storyboard in Resources */ = {isa = PBXBuildFile; fileRef = CB04ADBD267B97D500F9FC97 /* Main.storyboard */; };
		CB04ADC1267B97D700F9FC97 /* Assets.xcassets in Resources */ = {isa = PBXBuildFile; fileRef = CB04ADC0267B97D700F9FC97 /* Assets.xcassets */; };
		CB04ADC4267B97D700F9FC97 /* LaunchScreen.storyboard in Resources */ = {isa = PBXBuildFile; fileRef = CB04ADC2267B97D700F9FC97 /* LaunchScreen.storyboard */; };
		CB04ADCD267BADFF00F9FC97 /* .gitignore in Resources */ = {isa = PBXBuildFile; fileRef = CB04ADCC267BADFF00F9FC97 /* .gitignore */; };
/* End PBXBuildFile section */

/* Begin PBXFileReference section */
		CB04ADB4267B97D500F9FC97 /* LitterPink.app */ = {isa = PBXFileReference; explicitFileType = wrapper.application; includeInIndex = 0; path = LitterPink.app; sourceTree = BUILT_PRODUCTS_DIR; };
		CB04ADB7267B97D500F9FC97 /* AppDelegate.swift */ = {isa = PBXFileReference; lastKnownFileType = sourcecode.swift; path = AppDelegate.swift; sourceTree = "<group>"; };
		CB04ADB9267B97D500F9FC97 /* SceneDelegate.swift */ = {isa = PBXFileReference; lastKnownFileType = sourcecode.swift; path = SceneDelegate.swift; sourceTree = "<group>"; };
		CB04ADBB267B97D500F9FC97 /* ViewController.swift */ = {isa = PBXFileReference; lastKnownFileType = sourcecode.swift; path = ViewController.swift; sourceTree = "<group>"; };
		CB04ADBE267B97D500F9FC97 /* Base */ = {isa = PBXFileReference; lastKnownFileType = file.storyboard; name = Base; path = Base.lproj/Main.storyboard; sourceTree = "<group>"; };
		CB04ADC0267B97D700F9FC97 /* Assets.xcassets */ = {isa = PBXFileReference; lastKnownFileType = folder.assetcatalog; path = Assets.xcassets; sourceTree = "<group>"; };
		CB04ADC3267B97D700F9FC97 /* Base */ = {isa = PBXFileReference; lastKnownFileType = file.storyboard; name = Base; path = Base.lproj/LaunchScreen.storyboard; sourceTree = "<group>"; };
		CB04ADC5267B97D700F9FC97 /* Info.plist */ = {isa = PBXFileReference; lastKnownFileType = text.plist.xml; path = Info.plist; sourceTree = "<group>"; };
		CB04ADCC267BADFF00F9FC97 /* .gitignore */ = {isa = PBXFileReference; fileEncoding = 4; lastKnownFileType = text; path = .gitignore; sourceTree = "<group>"; };
/* End PBXFileReference section */

/* Begin PBXFrameworksBuildPhase section */
		CB04ADB1267B97D500F9FC97 /* Frameworks */ = {
			isa = PBXFrameworksBuildPhase;
			buildActionMask = 2147483647;
			files = (
			);
			runOnlyForDeploymentPostprocessing = 0;
		};
/* End PBXFrameworksBuildPhase section */

/* Begin PBXGroup section */
		CB04ADAB267B97D500F9FC97 = {
			isa = PBXGroup;
			children = (
				CB04ADCC267BADFF00F9FC97 /* .gitignore */,
				CB04ADB6267B97D500F9FC97 /* LitterPink */,
				CB04ADB5267B97D500F9FC97 /* Products */,
			);
			sourceTree = "<group>";
		};
		CB04ADB5267B97D500F9FC97 /* Products */ = {
			isa = PBXGroup;
			children = (
				CB04ADB4267B97D500F9FC97 /* LitterPink.app */,
			);
			name = Products;
			sourceTree = "<group>";
		};
		CB04ADB6267B97D500F9FC97 /* LitterPink */ = {
			isa = PBXGroup;
			children = (
				CB04ADB7267B97D500F9FC97 /* AppDelegate.swift */,
				CB04ADB9267B97D500F9FC97 /* SceneDelegate.swift */,
				CB04ADBB267B97D500F9FC97 /* ViewController.swift */,
				CB04ADBD267B97D500F9FC97 /* Main.storyboard */,
				CB04ADC0267B97D700F9FC97 /* Assets.xcassets */,
				CB04ADC2267B97D700F9FC97 /* LaunchScreen.storyboard */,
				CB04ADC5267B97D700F9FC97 /* Info.plist */,
			);
			path = LitterPink;
			sourceTree = "<group>";
		};
/* End PBXGroup section */

/* Begin PBXNativeTarget section */
		CB04ADB3267B97D500F9FC97 /* LitterPink */ = {
			isa = PBXNativeTarget;
			buildConfigurationList = CB04ADC8267B97D700F9FC97 /* Build configuration list for PBXNativeTarget "LitterPink" */;
			buildPhases = (
				CB04ADB0267B97D500F9FC97 /* Sources */,
				CB04ADB1267B97D500F9FC97 /* Frameworks */,
				CB04ADB2267B97D500F9FC97 /* Resources */,
			);
			buildRules = (
			);
			dependencies = (
			);
			name = LitterPink;
			productName = LitterPink;
			productReference = CB04ADB4267B97D500F9FC97 /* LitterPink.app */;
			productType = "com.apple.product-type.application";
		};
/* End PBXNativeTarget section */

/* Begin PBXProject section */
		CB04ADAC267B97D500F9FC97 /* Project object */ = {
			isa = PBXProject;
			attributes = {
				LastSwiftUpdateCheck = 1200;
				LastUpgradeCheck = 1200;
				TargetAttributes = {
					CB04ADB3267B97D500F9FC97 = {
						CreatedOnToolsVersion = 12.0.1;
					};
				};
			};
			buildConfigurationList = CB04ADAF267B97D500F9FC97 /* Build configuration list for PBXProject "LitterPink" */;
			compatibilityVersion = "Xcode 9.3";
			developmentRegion = en;
			hasScannedForEncodings = 0;
			knownRegions = (
				en,
				Base,
			);
			mainGroup = CB04ADAB267B97D500F9FC97;
			productRefGroup = CB04ADB5267B97D500F9FC97 /* Products */;
			projectDirPath = "";
			projectRoot = "";
			targets = (
				CB04ADB3267B97D500F9FC97 /* LitterPink */,
			);
		};
/* End PBXProject section */

/* Begin PBXResourcesBuildPhase section */
		CB04ADB2267B97D500F9FC97 /* Resources */ = {
			isa = PBXResourcesBuildPhase;
			buildActionMask = 2147483647;
			files = (
				CB04ADCD267BADFF00F9FC97 /* .gitignore in Resources */,
				CB04ADC4267B97D700F9FC97 /* LaunchScreen.storyboard in Resources */,
				CB04ADC1267B97D700F9FC97 /* Assets.xcassets in Resources */,
				CB04ADBF267B97D500F9FC97 /* Main.storyboard in Resources */,
			);
			runOnlyForDeploymentPostprocessing = 0;
		};
/* End PBXResourcesBuildPhase section */

/* Begin PBXSourcesBuildPhase section */
		CB04ADB0267B97D500F9FC97 /* Sources */ = {
			isa = PBXSourcesBuildPhase;
			buildActionMask = 2147483647;
			files = (
				CB04ADBC267B97D500F9FC97 /* ViewController.swift in Sources */,
				CB04ADB8267B97D500F9FC97 /* AppDelegate.swift in Sources */,
				CB04ADBA267B97D500F9FC97 /* SceneDelegate.swift in Sources */,
			);
			runOnlyForDeploymentPostprocessing = 0;
		};
/* End PBXSourcesBuildPhase section */

/* Begin PBXVariantGroup section */
		CB04ADBD267B97D500F9FC97 /* Main.storyboard */ = {
			isa = PBXVariantGroup;
			children = (
				CB04ADBE267B97D500F9FC97 /* Base */,
			);
			name = Main.storyboard;
			sourceTree = "<group>";
		};
		CB04ADC2267B97D700F9FC97 /* LaunchScreen.storyboard */ = {
			isa = PBXVariantGroup;
			children = (
				CB04ADC3267B97D700F9FC97 /* Base */,
			);
			name = LaunchScreen.storyboard;
			sourceTree = "<group>";
		};
/* End PBXVariantGroup section */

/* Begin XCBuildConfiguration section */
		CB04ADC6267B97D700F9FC97 /* Debug */ = {
			isa = XCBuildConfiguration;
			buildSettings = {
				ALWAYS_SEARCH_USER_PATHS = NO;
				CLANG_ANALYZER_NONNULL = YES;
				CLANG_ANALYZER_NUMBER_OBJECT_CONVERSION = YES_AGGRESSIVE;
				CLANG_CXX_LANGUAGE_STANDARD = "gnu++14";
				CLANG_CXX_LIBRARY = "libc++";
				CLANG_ENABLE_MODULES = YES;
				CLANG_ENABLE_OBJC_ARC = YES;
				CLANG_ENABLE_OBJC_WEAK = YES;
				CLANG_WARN_BLOCK_CAPTURE_AUTORELEASING = YES;
				CLANG_WARN_BOOL_CONVERSION = YES;
				CLANG_WARN_COMMA = YES;
				CLANG_WARN_CONSTANT_CONVERSION = YES;
				CLANG_WARN_DEPRECATED_OBJC_IMPLEMENTATIONS = YES;
				CLANG_WARN_DIRECT_OBJC_ISA_USAGE = YES_ERROR;
				CLANG_WARN_DOCUMENTATION_COMMENTS = YES;
				CLANG_WARN_EMPTY_BODY = YES;
				CLANG_WARN_ENUM_CONVERSION = YES;
				CLANG_WARN_INFINITE_RECURSION = YES;
				CLANG_WARN_INT_CONVERSION = YES;
				CLANG_WARN_NON_LITERAL_NULL_CONVERSION = YES;
				CLANG_WARN_OBJC_IMPLICIT_RETAIN_SELF = YES;
				CLANG_WARN_OBJC_LITERAL_CONVERSION = YES;
				CLANG_WARN_OBJC_ROOT_CLASS = YES_ERROR;
				CLANG_WARN_QUOTED_INCLUDE_IN_FRAMEWORK_HEADER = YES;
				CLANG_WARN_RANGE_LOOP_ANALYSIS = YES;
				CLANG_WARN_STRICT_PROTOTYPES = YES;
				CLANG_WARN_SUSPICIOUS_MOVE = YES;
				CLANG_WARN_UNGUARDED_AVAILABILITY = YES_AGGRESSIVE;
				CLANG_WARN_UNREACHABLE_CODE = YES;
				CLANG_WARN__DUPLICATE_METHOD_MATCH = YES;
				COPY_PHASE_STRIP = NO;
				DEBUG_INFORMATION_FORMAT = dwarf;
				ENABLE_STRICT_OBJC_MSGSEND = YES;
				ENABLE_TESTABILITY = YES;
				GCC_C_LANGUAGE_STANDARD = gnu11;
				GCC_DYNAMIC_NO_PIC = NO;
				GCC_NO_COMMON_BLOCKS = YES;
				GCC_OPTIMIZATION_LEVEL = 0;
				GCC_PREPROCESSOR_DEFINITIONS = (
					"DEBUG=1",
					"$(inherited)",
				);
				GCC_WARN_64_TO_32_BIT_CONVERSION = YES;
				GCC_WARN_ABOUT_RETURN_TYPE = YES_ERROR;
				GCC_WARN_UNDECLARED_SELECTOR = YES;
				GCC_WARN_UNINITIALIZED_AUTOS = YES_AGGRESSIVE;
				GCC_WARN_UNUSED_FUNCTION = YES;
				GCC_WARN_UNUSED_VARIABLE = YES;
				IPHONEOS_DEPLOYMENT_TARGET = 14.0;
				MTL_ENABLE_DEBUG_INFO = INCLUDE_SOURCE;
				MTL_FAST_MATH = YES;
				ONLY_ACTIVE_ARCH = YES;
				SDKROOT = iphoneos;
				SWIFT_ACTIVE_COMPILATION_CONDITIONS = DEBUG;
				SWIFT_OPTIMIZATION_LEVEL = "-Onone";
			};
			name = Debug;
		};
		CB04ADC7267B97D700F9FC97 /* Release */ = {
			isa = XCBuildConfiguration;
			buildSettings = {
				ALWAYS_SEARCH_USER_PATHS = NO;
				CLANG_ANALYZER_NONNULL = YES;
				CLANG_ANALYZER_NUMBER_OBJECT_CONVERSION = YES_AGGRESSIVE;
				CLANG_CXX_LANGUAGE_STANDARD = "gnu++14";
				CLANG_CXX_LIBRARY = "libc++";
				CLANG_ENABLE_MODULES = YES;
				CLANG_ENABLE_OBJC_ARC = YES;
				CLANG_ENABLE_OBJC_WEAK = YES;
				CLANG_WARN_BLOCK_CAPTURE_AUTORELEASING = YES;
				CLANG_WARN_BOOL_CONVERSION = YES;
				CLANG_WARN_COMMA = YES;
				CLANG_WARN_CONSTANT_CONVERSION = YES;
				CLANG_WARN_DEPRECATED_OBJC_IMPLEMENTATIONS = YES;
				CLANG_WARN_DIRECT_OBJC_ISA_USAGE = YES_ERROR;
				CLANG_WARN_DOCUMENTATION_COMMENTS = YES;
				CLANG_WARN_EMPTY_BODY = YES;
				CLANG_WARN_ENUM_CONVERSION = YES;
				CLANG_WARN_INFINITE_RECURSION = YES;
				CLANG_WARN_INT_CONVERSION = YES;
				CLANG_WARN_NON_LITERAL_NULL_CONVERSION = YES;
				CLANG_WARN_OBJC_IMPLICIT_RETAIN_SELF = YES;
				CLANG_WARN_OBJC_LITERAL_CONVERSION = YES;
				CLANG_WARN_OBJC_ROOT_CLASS = YES_ERROR;
				CLANG_WARN_QUOTED_INCLUDE_IN_FRAMEWORK_HEADER = YES;
				CLANG_WARN_RANGE_LOOP_ANALYSIS = YES;
				CLANG_WARN_STRICT_PROTOTYPES = YES;
				CLANG_WARN_SUSPICIOUS_MOVE = YES;
				CLANG_WARN_UNGUARDED_AVAILABILITY = YES_AGGRESSIVE;
				CLANG_WARN_UNREACHABLE_CODE = YES;
				CLANG_WARN__DUPLICATE_METHOD_MATCH = YES;
				COPY_PHASE_STRIP = NO;
				DEBUG_INFORMATION_FORMAT = "dwarf-with-dsym";
				ENABLE_NS_ASSERTIONS = NO;
				ENABLE_STRICT_OBJC_MSGSEND = YES;
				GCC_C_LANGUAGE_STANDARD = gnu11;
				GCC_NO_COMMON_BLOCKS = YES;
				GCC_WARN_64_TO_32_BIT_CONVERSION = YES;
				GCC_WARN_ABOUT_RETURN_TYPE = YES_ERROR;
				GCC_WARN_UNDECLARED_SELECTOR = YES;
				GCC_WARN_UNINITIALIZED_AUTOS = YES_AGGRESSIVE;
				GCC_WARN_UNUSED_FUNCTION = YES;
				GCC_WARN_UNUSED_VARIABLE = YES;
				IPHONEOS_DEPLOYMENT_TARGET = 14.0;
				MTL_ENABLE_DEBUG_INFO = NO;
				MTL_FAST_MATH = YES;
				SDKROOT = iphoneos;
				SWIFT_COMPILATION_MODE = wholemodule;
				SWIFT_OPTIMIZATION_LEVEL = "-O";
				VALIDATE_PRODUCT = YES;
			};
			name = Release;
		};
		CB04ADC9267B97D700F9FC97 /* Debug */ = {
			isa = XCBuildConfiguration;
			buildSettings = {
				ASSETCATALOG_COMPILER_APPICON_NAME = AppIcon;
				ASSETCATALOG_COMPILER_GLOBAL_ACCENT_COLOR_NAME = AccentColor;
				CODE_SIGN_STYLE = Automatic;
				DEVELOPMENT_TEAM = DTQ7WEE79D;
				INFOPLIST_FILE = LitterPink/Info.plist;
				LD_RUNPATH_SEARCH_PATHS = (
					"$(inherited)",
					"@executable_path/Frameworks",
				);
				PRODUCT_BUNDLE_IDENTIFIER = com.opooc.LitterPink;
				PRODUCT_NAME = "$(TARGET_NAME)";
				SWIFT_VERSION = 5.0;
				TARGETED_DEVICE_FAMILY = "1,2";
			};
			name = Debug;
		};
		CB04ADCA267B97D700F9FC97 /* Release */ = {
			isa = XCBuildConfiguration;
			buildSettings = {
				ASSETCATALOG_COMPILER_APPICON_NAME = AppIcon;
				ASSETCATALOG_COMPILER_GLOBAL_ACCENT_COLOR_NAME = AccentColor;
				CODE_SIGN_STYLE = Automatic;
				DEVELOPMENT_TEAM = DTQ7WEE79D;
				INFOPLIST_FILE = LitterPink/Info.plist;
				LD_RUNPATH_SEARCH_PATHS = (
					"$(inherited)",
					"@executable_path/Frameworks",
				);
				PRODUCT_BUNDLE_IDENTIFIER = com.opooc.LitterPink;
				PRODUCT_NAME = "$(TARGET_NAME)";
				SWIFT_VERSION = 5.0;
				TARGETED_DEVICE_FAMILY = "1,2";
			};
			name = Release;
		};
/* End XCBuildConfiguration section */

/* Begin XCConfigurationList section */
		CB04ADAF267B97D500F9FC97 /* Build configuration list for PBXProject "LitterPink" */ = {
			isa = XCConfigurationList;
			buildConfigurations = (
				CB04ADC6267B97D700F9FC97 /* Debug */,
				CB04ADC7267B97D700F9FC97 /* Release */,
			);
			defaultConfigurationIsVisible = 0;
			defaultConfigurationName = Release;
		};
		CB04ADC8267B97D700F9FC97 /* Build configuration list for PBXNativeTarget "LitterPink" */ = {
			isa = XCConfigurationList;
			buildConfigurations = (
				CB04ADC9267B97D700F9FC97 /* Debug */,
				CB04ADCA267B97D700F9FC97 /* Release */,
			);
			defaultConfigurationIsVisible = 0;
			defaultConfigurationName = Release;
		};
/* End XCConfigurationList section */
	};
	rootObject = CB04ADAC267B97D500F9FC97 /* Project object */;
}
